// !$*UTF8*$!
{
	archiveVersion = 1;
	classes = {
	};
	objectVersion = 55;
	objects = {

/* Begin PBXBuildFile section */
		C21D76A72798AD360007384D /* AppDelegate.swift in Sources */ = {isa = PBXBuildFile; fileRef = C21D76A62798AD360007384D /* AppDelegate.swift */; };
		C21D76A92798AD360007384D /* SceneDelegate.swift in Sources */ = {isa = PBXBuildFile; fileRef = C21D76A82798AD360007384D /* SceneDelegate.swift */; };
		C21D76AE2798AD360007384D /* Main.storyboard in Resources */ = {isa = PBXBuildFile; fileRef = C21D76AC2798AD360007384D /* Main.storyboard */; };
		C21D76B02798AD370007384D /* Assets.xcassets in Resources */ = {isa = PBXBuildFile; fileRef = C21D76AF2798AD370007384D /* Assets.xcassets */; };
		C21D76B32798AD370007384D /* LaunchScreen.storyboard in Resources */ = {isa = PBXBuildFile; fileRef = C21D76B12798AD370007384D /* LaunchScreen.storyboard */; };
		C21D76C12798B1A30007384D /* GarageTableViewController.swift in Sources */ = {isa = PBXBuildFile; fileRef = C21D76C02798B1A30007384D /* GarageTableViewController.swift */; };
		C21D76C32798B63B0007384D /* CarDetailViewController.swift in Sources */ = {isa = PBXBuildFile; fileRef = C21D76C22798B63B0007384D /* CarDetailViewController.swift */; };
		C21D76C52798B6F60007384D /* VehicleType.swift in Sources */ = {isa = PBXBuildFile; fileRef = C21D76C42798B6F60007384D /* VehicleType.swift */; };
/* End PBXBuildFile section */

/* Begin PBXFileReference section */
		C21D76A32798AD360007384D /* Garage.app */ = {isa = PBXFileReference; explicitFileType = wrapper.application; includeInIndex = 0; path = Garage.app; sourceTree = BUILT_PRODUCTS_DIR; };
		C21D76A62798AD360007384D /* AppDelegate.swift */ = {isa = PBXFileReference; lastKnownFileType = sourcecode.swift; path = AppDelegate.swift; sourceTree = "<group>"; };
		C21D76A82798AD360007384D /* SceneDelegate.swift */ = {isa = PBXFileReference; lastKnownFileType = sourcecode.swift; path = SceneDelegate.swift; sourceTree = "<group>"; };
		C21D76AD2798AD360007384D /* Base */ = {isa = PBXFileReference; lastKnownFileType = file.storyboard; name = Base; path = Base.lproj/Main.storyboard; sourceTree = "<group>"; };
		C21D76AF2798AD370007384D /* Assets.xcassets */ = {isa = PBXFileReference; lastKnownFileType = folder.assetcatalog; path = Assets.xcassets; sourceTree = "<group>"; };
		C21D76B22798AD370007384D /* Base */ = {isa = PBXFileReference; lastKnownFileType = file.storyboard; name = Base; path = Base.lproj/LaunchScreen.storyboard; sourceTree = "<group>"; };
		C21D76B42798AD370007384D /* Info.plist */ = {isa = PBXFileReference; lastKnownFileType = text.plist.xml; path = Info.plist; sourceTree = "<group>"; };
		C21D76C02798B1A30007384D /* GarageTableViewController.swift */ = {isa = PBXFileReference; lastKnownFileType = sourcecode.swift; path = GarageTableViewController.swift; sourceTree = "<group>"; };
		C21D76C22798B63B0007384D /* CarDetailViewController.swift */ = {isa = PBXFileReference; lastKnownFileType = sourcecode.swift; path = CarDetailViewController.swift; sourceTree = "<group>"; };
		C21D76C42798B6F60007384D /* VehicleType.swift */ = {isa = PBXFileReference; lastKnownFileType = sourcecode.swift; path = VehicleType.swift; sourceTree = "<group>"; };
/* End PBXFileReference section */

/* Begin PBXFrameworksBuildPhase section */
		C21D76A02798AD360007384D /* Frameworks */ = {
			isa = PBXFrameworksBuildPhase;
			buildActionMask = 2147483647;
			files = (
			);
			runOnlyForDeploymentPostprocessing = 0;
		};
/* End PBXFrameworksBuildPhase section */

/* Begin PBXGroup section */
		C21D769A2798AD350007384D = {
			isa = PBXGroup;
			children = (
				C21D76A52798AD360007384D /* Garage */,
				C21D76A42798AD360007384D /* Products */,
			);
			sourceTree = "<group>";
		};
		C21D76A42798AD360007384D /* Products */ = {
			isa = PBXGroup;
			children = (
				C21D76A32798AD360007384D /* Garage.app */,
			);
			name = Products;
			sourceTree = "<group>";
		};
		C21D76A52798AD360007384D /* Garage */ = {
			isa = PBXGroup;
			children = (
				C21D76BC2798AFED0007384D /* Model */,
				C21D76BD2798B0040007384D /* Views */,
				C21D76BB2798AFE30007384D /* Controllers */,
				C21D76BA2798AD4A0007384D /* Resources */,
			);
			path = Garage;
			sourceTree = "<group>";
		};
		C21D76BA2798AD4A0007384D /* Resources */ = {
			isa = PBXGroup;
			children = (
				C21D76A62798AD360007384D /* AppDelegate.swift */,
				C21D76A82798AD360007384D /* SceneDelegate.swift */,
				C21D76AF2798AD370007384D /* Assets.xcassets */,
				C21D76B12798AD370007384D /* LaunchScreen.storyboard */,
				C21D76B42798AD370007384D /* Info.plist */,
			);
			path = Resources;
			sourceTree = "<group>";
		};
		C21D76BB2798AFE30007384D /* Controllers */ = {
			isa = PBXGroup;
			children = (
				C21D76BF2798B0360007384D /* Views Controller */,
				C21D76BE2798B0280007384D /* Model Controllers */,
			);
			path = Controllers;
			sourceTree = "<group>";
		};
		C21D76BC2798AFED0007384D /* Model */ = {
			isa = PBXGroup;
			children = (
				C21D76C42798B6F60007384D /* VehicleType.swift */,
			);
			path = Model;
			sourceTree = "<group>";
		};
		C21D76BD2798B0040007384D /* Views */ = {
			isa = PBXGroup;
			children = (
				C21D76AC2798AD360007384D /* Main.storyboard */,
			);
			path = Views;
			sourceTree = "<group>";
		};
		C21D76BE2798B0280007384D /* Model Controllers */ = {
			isa = PBXGroup;
			children = (
			);
			path = "Model Controllers";
			sourceTree = "<group>";
		};
		C21D76BF2798B0360007384D /* Views Controller */ = {
			isa = PBXGroup;
			children = (
				C21D76C02798B1A30007384D /* GarageTableViewController.swift */,
				C21D76C22798B63B0007384D /* CarDetailViewController.swift */,
			);
			path = "Views Controller";
			sourceTree = "<group>";
		};
/* End PBXGroup section */

/* Begin PBXNativeTarget section */
		C21D76A22798AD360007384D /* Garage */ = {
			isa = PBXNativeTarget;
			buildConfigurationList = C21D76B72798AD370007384D /* Build configuration list for PBXNativeTarget "Garage" */;
			buildPhases = (
				C21D769F2798AD360007384D /* Sources */,
				C21D76A02798AD360007384D /* Frameworks */,
				C21D76A12798AD360007384D /* Resources */,
			);
			buildRules = (
			);
			dependencies = (
			);
			name = Garage;
			productName = Garage;
			productReference = C21D76A32798AD360007384D /* Garage.app */;
			productType = "com.apple.product-type.application";
		};
/* End PBXNativeTarget section */

/* Begin PBXProject section */
		C21D769B2798AD350007384D /* Project object */ = {
			isa = PBXProject;
			attributes = {
				BuildIndependentTargetsInParallel = 1;
				LastSwiftUpdateCheck = 1320;
				LastUpgradeCheck = 1320;
				TargetAttributes = {
					C21D76A22798AD360007384D = {
						CreatedOnToolsVersion = 13.2.1;
					};
				};
			};
			buildConfigurationList = C21D769E2798AD350007384D /* Build configuration list for PBXProject "Garage" */;
			compatibilityVersion = "Xcode 13.0";
			developmentRegion = en;
			hasScannedForEncodings = 0;
			knownRegions = (
				en,
				Base,
			);
			mainGroup = C21D769A2798AD350007384D;
			productRefGroup = C21D76A42798AD360007384D /* Products */;
			projectDirPath = "";
			projectRoot = "";
			targets = (
				C21D76A22798AD360007384D /* Garage */,
			);
		};
/* End PBXProject section */

/* Begin PBXResourcesBuildPhase section */
		C21D76A12798AD360007384D /* Resources */ = {
			isa = PBXResourcesBuildPhase;
			buildActionMask = 2147483647;
			files = (
				C21D76B32798AD370007384D /* LaunchScreen.storyboard in Resources */,
				C21D76B02798AD370007384D /* Assets.xcassets in Resources */,
				C21D76AE2798AD360007384D /* Main.storyboard in Resources */,
			);
			runOnlyForDeploymentPostprocessing = 0;
		};
/* End PBXResourcesBuildPhase section */

/* Begin PBXSourcesBuildPhase section */
		C21D769F2798AD360007384D /* Sources */ = {
			isa = PBXSourcesBuildPhase;
			buildActionMask = 2147483647;
			files = (
				C21D76C32798B63B0007384D /* CarDetailViewController.swift in Sources */,
				C21D76C12798B1A30007384D /* GarageTableViewController.swift in Sources */,
				C21D76A72798AD360007384D /* AppDelegate.swift in Sources */,
				C21D76C52798B6F60007384D /* VehicleType.swift in Sources */,
				C21D76A92798AD360007384D /* SceneDelegate.swift in Sources */,
			);
			runOnlyForDeploymentPostprocessing = 0;
		};
/* End PBXSourcesBuildPhase section */

/* Begin PBXVariantGroup section */
		C21D76AC2798AD360007384D /* Main.storyboard */ = {
			isa = PBXVariantGroup;
			children = (
				C21D76AD2798AD360007384D /* Base */,
			);
			name = Main.storyboard;
			sourceTree = "<group>";
		};
		C21D76B12798AD370007384D /* LaunchScreen.storyboard */ = {
			isa = PBXVariantGroup;
			children = (
				C21D76B22798AD370007384D /* Base */,
			);
			name = LaunchScreen.storyboard;
			sourceTree = "<group>";
		};
/* End PBXVariantGroup section */

/* Begin XCBuildConfiguration section */
		C21D76B52798AD370007384D /* Debug */ = {
			isa = XCBuildConfiguration;
			buildSettings = {
				ALWAYS_SEARCH_USER_PATHS = NO;
				CLANG_ANALYZER_NONNULL = YES;
				CLANG_ANALYZER_NUMBER_OBJECT_CONVERSION = YES_AGGRESSIVE;
				CLANG_CXX_LANGUAGE_STANDARD = "gnu++17";
				CLANG_CXX_LIBRARY = "libc++";
				CLANG_ENABLE_MODULES = YES;
				CLANG_ENABLE_OBJC_ARC = YES;
				CLANG_ENABLE_OBJC_WEAK = YES;
				CLANG_WARN_BLOCK_CAPTURE_AUTORELEASING = YES;
				CLANG_WARN_BOOL_CONVERSION = YES;
				CLANG_WARN_COMMA = YES;
				CLANG_WARN_CONSTANT_CONVERSION = YES;
				CLANG_WARN_DEPRECATED_OBJC_IMPLEMENTATIONS = YES;
				CLANG_WARN_DIRECT_OBJC_ISA_USAGE = YES_ERROR;
				CLANG_WARN_DOCUMENTATION_COMMENTS = YES;
				CLANG_WARN_EMPTY_BODY = YES;
				CLANG_WARN_ENUM_CONVERSION = YES;
				CLANG_WARN_INFINITE_RECURSION = YES;
				CLANG_WARN_INT_CONVERSION = YES;
				CLANG_WARN_NON_LITERAL_NULL_CONVERSION = YES;
				CLANG_WARN_OBJC_IMPLICIT_RETAIN_SELF = YES;
				CLANG_WARN_OBJC_LITERAL_CONVERSION = YES;
				CLANG_WARN_OBJC_ROOT_CLASS = YES_ERROR;
				CLANG_WARN_QUOTED_INCLUDE_IN_FRAMEWORK_HEADER = YES;
				CLANG_WARN_RANGE_LOOP_ANALYSIS = YES;
				CLANG_WARN_STRICT_PROTOTYPES = YES;
				CLANG_WARN_SUSPICIOUS_MOVE = YES;
				CLANG_WARN_UNGUARDED_AVAILABILITY = YES_AGGRESSIVE;
				CLANG_WARN_UNREACHABLE_CODE = YES;
				CLANG_WARN__DUPLICATE_METHOD_MATCH = YES;
				COPY_PHASE_STRIP = NO;
				DEBUG_INFORMATION_FORMAT = dwarf;
				ENABLE_STRICT_OBJC_MSGSEND = YES;
				ENABLE_TESTABILITY = YES;
				GCC_C_LANGUAGE_STANDARD = gnu11;
				GCC_DYNAMIC_NO_PIC = NO;
				GCC_NO_COMMON_BLOCKS = YES;
				GCC_OPTIMIZATION_LEVEL = 0;
				GCC_PREPROCESSOR_DEFINITIONS = (
					"DEBUG=1",
					"$(inherited)",
				);
				GCC_WARN_64_TO_32_BIT_CONVERSION = YES;
				GCC_WARN_ABOUT_RETURN_TYPE = YES_ERROR;
				GCC_WARN_UNDECLARED_SELECTOR = YES;
				GCC_WARN_UNINITIALIZED_AUTOS = YES_AGGRESSIVE;
				GCC_WARN_UNUSED_FUNCTION = YES;
				GCC_WARN_UNUSED_VARIABLE = YES;
				IPHONEOS_DEPLOYMENT_TARGET = 15.2;
				MTL_ENABLE_DEBUG_INFO = INCLUDE_SOURCE;
				MTL_FAST_MATH = YES;
				ONLY_ACTIVE_ARCH = YES;
				SDKROOT = iphoneos;
				SWIFT_ACTIVE_COMPILATION_CONDITIONS = DEBUG;
				SWIFT_OPTIMIZATION_LEVEL = "-Onone";
			};
			name = Debug;
		};
		C21D76B62798AD370007384D /* Release */ = {
			isa = XCBuildConfiguration;
			buildSettings = {
				ALWAYS_SEARCH_USER_PATHS = NO;
				CLANG_ANALYZER_NONNULL = YES;
				CLANG_ANALYZER_NUMBER_OBJECT_CONVERSION = YES_AGGRESSIVE;
				CLANG_CXX_LANGUAGE_STANDARD = "gnu++17";
				CLANG_CXX_LIBRARY = "libc++";
				CLANG_ENABLE_MODULES = YES;
				CLANG_ENABLE_OBJC_ARC = YES;
				CLANG_ENABLE_OBJC_WEAK = YES;
				CLANG_WARN_BLOCK_CAPTURE_AUTORELEASING = YES;
				CLANG_WARN_BOOL_CONVERSION = YES;
				CLANG_WARN_COMMA = YES;
				CLANG_WARN_CONSTANT_CONVERSION = YES;
				CLANG_WARN_DEPRECATED_OBJC_IMPLEMENTATIONS = YES;
				CLANG_WARN_DIRECT_OBJC_ISA_USAGE = YES_ERROR;
				CLANG_WARN_DOCUMENTATION_COMMENTS = YES;
				CLANG_WARN_EMPTY_BODY = YES;
				CLANG_WARN_ENUM_CONVERSION = YES;
				CLANG_WARN_INFINITE_RECURSION = YES;
				CLANG_WARN_INT_CONVERSION = YES;
				CLANG_WARN_NON_LITERAL_NULL_CONVERSION = YES;
				CLANG_WARN_OBJC_IMPLICIT_RETAIN_SELF = YES;
				CLANG_WARN_OBJC_LITERAL_CONVERSION = YES;
				CLANG_WARN_OBJC_ROOT_CLASS = YES_ERROR;
				CLANG_WARN_QUOTED_INCLUDE_IN_FRAMEWORK_HEADER = YES;
				CLANG_WARN_RANGE_LOOP_ANALYSIS = YES;
				CLANG_WARN_STRICT_PROTOTYPES = YES;
				CLANG_WARN_SUSPICIOUS_MOVE = YES;
				CLANG_WARN_UNGUARDED_AVAILABILITY = YES_AGGRESSIVE;
				CLANG_WARN_UNREACHABLE_CODE = YES;
				CLANG_WARN__DUPLICATE_METHOD_MATCH = YES;
				COPY_PHASE_STRIP = NO;
				DEBUG_INFORMATION_FORMAT = "dwarf-with-dsym";
				ENABLE_NS_ASSERTIONS = NO;
				ENABLE_STRICT_OBJC_MSGSEND = YES;
				GCC_C_LANGUAGE_STANDARD = gnu11;
				GCC_NO_COMMON_BLOCKS = YES;
				GCC_WARN_64_TO_32_BIT_CONVERSION = YES;
				GCC_WARN_ABOUT_RETURN_TYPE = YES_ERROR;
				GCC_WARN_UNDECLARED_SELECTOR = YES;
				GCC_WARN_UNINITIALIZED_AUTOS = YES_AGGRESSIVE;
				GCC_WARN_UNUSED_FUNCTION = YES;
				GCC_WARN_UNUSED_VARIABLE = YES;
				IPHONEOS_DEPLOYMENT_TARGET = 15.2;
				MTL_ENABLE_DEBUG_INFO = NO;
				MTL_FAST_MATH = YES;
				SDKROOT = iphoneos;
				SWIFT_COMPILATION_MODE = wholemodule;
				SWIFT_OPTIMIZATION_LEVEL = "-O";
				VALIDATE_PRODUCT = YES;
			};
			name = Release;
		};
		C21D76B82798AD370007384D /* Debug */ = {
			isa = XCBuildConfiguration;
			buildSettings = {
				ASSETCATALOG_COMPILER_APPICON_NAME = AppIcon;
				ASSETCATALOG_COMPILER_GLOBAL_ACCENT_COLOR_NAME = AccentColor;
				CODE_SIGN_STYLE = Automatic;
				CURRENT_PROJECT_VERSION = 1;
				GENERATE_INFOPLIST_FILE = YES;
				INFOPLIST_FILE = Garage/Resources/Info.plist;
				INFOPLIST_KEY_UIApplicationSupportsIndirectInputEvents = YES;
				INFOPLIST_KEY_UILaunchStoryboardName = LaunchScreen;
				INFOPLIST_KEY_UIMainStoryboardFile = Main;
				INFOPLIST_KEY_UISupportedInterfaceOrientations_iPad = "UIInterfaceOrientationPortrait UIInterfaceOrientationPortraitUpsideDown UIInterfaceOrientationLandscapeLeft UIInterfaceOrientationLandscapeRight";
				INFOPLIST_KEY_UISupportedInterfaceOrientations_iPhone = "UIInterfaceOrientationPortrait UIInterfaceOrientationLandscapeLeft UIInterfaceOrientationLandscapeRight";
				LD_RUNPATH_SEARCH_PATHS = (
					"$(inherited)",
					"@executable_path/Frameworks",
				);
				MARKETING_VERSION = 1.0;
				PRODUCT_BUNDLE_IDENTIFIER = com.AdamSmith.Garage;
				PRODUCT_NAME = "$(TARGET_NAME)";
				SWIFT_EMIT_LOC_STRINGS = YES;
				SWIFT_VERSION = 5.0;
				TARGETED_DEVICE_FAMILY = "1,2";
			};
			name = Debug;
		};
		C21D76B92798AD370007384D /* Release */ = {
			isa = XCBuildConfiguration;
			buildSettings = {
				ASSETCATALOG_COMPILER_APPICON_NAME = AppIcon;
				ASSETCATALOG_COMPILER_GLOBAL_ACCENT_COLOR_NAME = AccentColor;
				CODE_SIGN_STYLE = Automatic;
				CURRENT_PROJECT_VERSION = 1;
				GENERATE_INFOPLIST_FILE = YES;
				INFOPLIST_FILE = Garage/Resources/Info.plist;
				INFOPLIST_KEY_UIApplicationSupportsIndirectInputEvents = YES;
				INFOPLIST_KEY_UILaunchStoryboardName = LaunchScreen;
				INFOPLIST_KEY_UIMainStoryboardFile = Main;
				INFOPLIST_KEY_UISupportedInterfaceOrientations_iPad = "UIInterfaceOrientationPortrait UIInterfaceOrientationPortraitUpsideDown UIInterfaceOrientationLandscapeLeft UIInterfaceOrientationLandscapeRight";
				INFOPLIST_KEY_UISupportedInterfaceOrientations_iPhone = "UIInterfaceOrientationPortrait UIInterfaceOrientationLandscapeLeft UIInterfaceOrientationLandscapeRight";
				LD_RUNPATH_SEARCH_PATHS = (
					"$(inherited)",
					"@executable_path/Frameworks",
				);
				MARKETING_VERSION = 1.0;
				PRODUCT_BUNDLE_IDENTIFIER = com.AdamSmith.Garage;
				PRODUCT_NAME = "$(TARGET_NAME)";
				SWIFT_EMIT_LOC_STRINGS = YES;
				SWIFT_VERSION = 5.0;
				TARGETED_DEVICE_FAMILY = "1,2";
			};
			name = Release;
		};
/* End XCBuildConfiguration section */

/* Begin XCConfigurationList section */
		C21D769E2798AD350007384D /* Build configuration list for PBXProject "Garage" */ = {
			isa = XCConfigurationList;
			buildConfigurations = (
				C21D76B52798AD370007384D /* Debug */,
				C21D76B62798AD370007384D /* Release */,
			);
			defaultConfigurationIsVisible = 0;
			defaultConfigurationName = Release;
		};
		C21D76B72798AD370007384D /* Build configuration list for PBXNativeTarget "Garage" */ = {
			isa = XCConfigurationList;
			buildConfigurations = (
				C21D76B82798AD370007384D /* Debug */,
				C21D76B92798AD370007384D /* Release */,
			);
			defaultConfigurationIsVisible = 0;
			defaultConfigurationName = Release;
		};
/* End XCConfigurationList section */
	};
	rootObject = C21D769B2798AD350007384D /* Project object */;
}
